
Microsoft Visual Studio Solution File, Format Version 12.00
# Visual Studio 15
VisualStudioVersion = 15.0.28307.539
MinimumVisualStudioVersion = 10.0.40219.1
Project("{FAE04EC0-301F-11D3-BF4B-00C04F79EFBC}") = "LastModifiedQueryableExtensions", "LastModifiedQueryableExtensions\LastModifiedQueryableExtensions.csproj", "{E3B42571-7BAD-44DA-9DA1-5FD24D7F930D}"
EndProject
Project("{FAE04EC0-301F-11D3-BF4B-00C04F79EFBC}") = "StronglyTypedBlobStorage", "StronglyTypedBlobStorage\StronglyTypedBlobStorage.csproj", "{544FCF0F-4E89-4E0A-B35D-1755DEFD973F}"
EndProject
Project("{FAE04EC0-301F-11D3-BF4B-00C04F79EFBC}") = "Tests", "Tests\Tests.csproj", "{6839AE05-5AB6-406F-A780-099127D5802A}"
EndProject
Global
	GlobalSection(SolutionConfigurationPlatforms) = preSolution
		Debug|Any CPU = Debug|Any CPU
		Release|Any CPU = Release|Any CPU
	EndGlobalSection
	GlobalSection(ProjectConfigurationPlatforms) = postSolution
		{E3B42571-7BAD-44DA-9DA1-5FD24D7F930D}.Debug|Any CPU.ActiveCfg = Debug|Any CPU
		{E3B42571-7BAD-44DA-9DA1-5FD24D7F930D}.Debug|Any CPU.Build.0 = Debug|Any CPU
		{E3B42571-7BAD-44DA-9DA1-5FD24D7F930D}.Release|Any CPU.ActiveCfg = Release|Any CPU
		{E3B42571-7BAD-44DA-9DA1-5FD24D7F930D}.Release|Any CPU.Build.0 = Release|Any CPU
		{544FCF0F-4E89-4E0A-B35D-1755DEFD973F}.Debug|Any CPU.ActiveCfg = Debug|Any CPU
		{544FCF0F-4E89-4E0A-B35D-1755DEFD973F}.Debug|Any CPU.Build.0 = Debug|Any CPU
		{544FCF0F-4E89-4E0A-B35D-1755DEFD973F}.Release|Any CPU.ActiveCfg = Release|Any CPU
		{544FCF0F-4E89-4E0A-B35D-1755DEFD973F}.Release|Any CPU.Build.0 = Release|Any CPU
		{6839AE05-5AB6-406F-A780-099127D5802A}.Debug|Any CPU.ActiveCfg = Debug|Any CPU
		{6839AE05-5AB6-406F-A780-099127D5802A}.Debug|Any CPU.Build.0 = Debug|Any CPU
		{6839AE05-5AB6-406F-A780-099127D5802A}.Release|Any CPU.ActiveCfg = Release|Any CPU
		{6839AE05-5AB6-406F-A780-099127D5802A}.Release|Any CPU.Build.0 = Release|Any CPU
	EndGlobalSection
	GlobalSection(SolutionProperties) = preSolution
		HideSolutionNode = FALSE
	EndGlobalSection
	GlobalSection(ExtensibilityGlobals) = postSolution
		SolutionGuid = {A1ABD7A5-1868-4ACF-ABC1-5CC0ADBD78F6}
	EndGlobalSection
EndGlobal
